// !$*UTF8*$!
{
	archiveVersion = 1;
	classes = {
	};
	objectVersion = 77;
	objects = {

/* Begin PBXBuildFile section */
		1A7B33D4FCFD2712EA7467F5 /* KontraktkontoretApp.swift in Sources */ = {isa = PBXBuildFile; fileRef = BB69F5C7A8CFC11CB13197FB /* KontraktkontoretApp.swift */; };
		B9F8DE31476833CA2BF90E40 /* GameView.swift in Sources */ = {isa = PBXBuildFile; fileRef = C4C9ACA4DBE90D24542C25AE /* GameView.swift */; };
		E70DD092984D7A3E37F00DEB /* game.html in Resources */ = {isa = PBXBuildFile; fileRef = 358B38B1B9ECE934FA2E0E14 /* game.html */; };
		F9CBB05FD7B7D948B3E7E3FD /* Assets.xcassets in Resources */ = {isa = PBXBuildFile; fileRef = 5AE0ACE4AFD09C3CF505E3B5 /* Assets.xcassets */; };
/* End PBXBuildFile section */

/* Begin PBXFileReference section */
		358B38B1B9ECE934FA2E0E14 /* game.html */ = {isa = PBXFileReference; lastKnownFileType = text.html; path = game.html; sourceTree = "<group>"; };
		567D8AC809F989A2D9B4DB8B /* Kontraktkontoret.app */ = {isa = PBXFileReference; explicitFileType = wrapper.application; includeInIndex = 0; path = Kontraktkontoret.app; sourceTree = BUILT_PRODUCTS_DIR; };
		5AE0ACE4AFD09C3CF505E3B5 /* Assets.xcassets */ = {isa = PBXFileReference; lastKnownFileType = folder.assetcatalog; path = Assets.xcassets; sourceTree = "<group>"; };
		BB69F5C7A8CFC11CB13197FB /* KontraktkontoretApp.swift */ = {isa = PBXFileReference; lastKnownFileType = sourcecode.swift; path = KontraktkontoretApp.swift; sourceTree = "<group>"; };
		C4C9ACA4DBE90D24542C25AE /* GameView.swift */ = {isa = PBXFileReference; lastKnownFileType = sourcecode.swift; path = GameView.swift; sourceTree = "<group>"; };
/* End PBXFileReference section */

/* Begin PBXGroup section */
		1DB10B4AF56080EFBB181490 /* Products */ = {
			isa = PBXGroup;
			children = (
				567D8AC809F989A2D9B4DB8B /* Kontraktkontoret.app */,
			);
			name = Products;
			sourceTree = "<group>";
		};
		8F07B0D4E241CD961BA95A91 /* Resources */ = {
			isa = PBXGroup;
			children = (
				358B38B1B9ECE934FA2E0E14 /* game.html */,
			);
			path = Resources;
			sourceTree = "<group>";
		};
		AD5F15F14B8D32FFF5FE3027 = {
			isa = PBXGroup;
			children = (
				CDAA2F89B7B82DB0EE2CBD7E /* Kontraktkontoret */,
				1DB10B4AF56080EFBB181490 /* Products */,
			);
			sourceTree = "<group>";
		};
		CDAA2F89B7B82DB0EE2CBD7E /* Kontraktkontoret */ = {
			isa = PBXGroup;
			children = (
				5AE0ACE4AFD09C3CF505E3B5 /* Assets.xcassets */,
				C4C9ACA4DBE90D24542C25AE /* GameView.swift */,
				BB69F5C7A8CFC11CB13197FB /* KontraktkontoretApp.swift */,
				8F07B0D4E241CD961BA95A91 /* Resources */,
			);
			path = Kontraktkontoret;
			sourceTree = "<group>";
		};
/* End PBXGroup section */

/* Begin PBXNativeTarget section */
		37AECD67EA3E1B05F815ECCB /* Kontraktkontoret */ = {
			isa = PBXNativeTarget;
			buildConfigurationList = CB7F37EFCB05946CADA212D8 /* Build configuration list for PBXNativeTarget "Kontraktkontoret" */;
			buildPhases = (
				4938565764C720EF3DE4C159 /* Sources */,
				56BDBC9EAFEC1F98EA3FABE7 /* Resources */,
			);
			buildRules = (
			);
			dependencies = (
			);
			name = Kontraktkontoret;
			packageProductDependencies = (
			);
			productName = Kontraktkontoret;
			productReference = 567D8AC809F989A2D9B4DB8B /* Kontraktkontoret.app */;
			productType = "com.apple.product-type.application";
		};
/* End PBXNativeTarget section */

/* Begin PBXProject section */
		186120142EE1D6BC9CC9A72E /* Project object */ = {
			isa = PBXProject;
			attributes = {
				BuildIndependentTargetsInParallel = YES;
				LastUpgradeCheck = 1430;
				TargetAttributes = {
					37AECD67EA3E1B05F815ECCB = {
						DevelopmentTeam = 4DS8Y8T6JC;
						ProvisioningStyle = automatic;
					};
				};
			};
			buildConfigurationList = CD2EF166539C1B2B73000CC9 /* Build configuration list for PBXProject "Kontraktkontoret" */;
			developmentRegion = en;
			hasScannedForEncodings = 0;
			knownRegions = (
				Base,
				en,
			);
			mainGroup = AD5F15F14B8D32FFF5FE3027;
			minimizedProjectReferenceProxies = 1;
			preferredProjectObjectVersion = 77;
			productRefGroup = 1DB10B4AF56080EFBB181490 /* Products */;
			projectDirPath = "";
			projectRoot = "";
			targets = (
				37AECD67EA3E1B05F815ECCB /* Kontraktkontoret */,
			);
		};
/* End PBXProject section */

/* Begin PBXResourcesBuildPhase section */
		56BDBC9EAFEC1F98EA3FABE7 /* Resources */ = {
			isa = PBXResourcesBuildPhase;
			buildActionMask = 2147483647;
			files = (
				F9CBB05FD7B7D948B3E7E3FD /* Assets.xcassets in Resources */,
				E70DD092984D7A3E37F00DEB /* game.html in Resources */,
			);
			runOnlyForDeploymentPostprocessing = 0;
		};
/* End PBXResourcesBuildPhase section */

/* Begin PBXSourcesBuildPhase section */
		4938565764C720EF3DE4C159 /* Sources */ = {
			isa = PBXSourcesBuildPhase;
			buildActionMask = 2147483647;
			files = (
				B9F8DE31476833CA2BF90E40 /* GameView.swift in Sources */,
				1A7B33D4FCFD2712EA7467F5 /* KontraktkontoretApp.swift in Sources */,
			);
			runOnlyForDeploymentPostprocessing = 0;
		};
/* End PBXSourcesBuildPhase section */

/* Begin XCBuildConfiguration section */
		5194F4204AE6B05792EDDF06 /* Debug */ = {
			isa = XCBuildConfiguration;
			buildSettings = {
				ASSETCATALOG_COMPILER_APPICON_NAME = AppIcon;
				CODE_SIGN_IDENTITY = "iPhone Developer";
				CODE_SIGN_STYLE = automatic;
				DEVELOPMENT_TEAM = 4DS8Y8T6JC;
				GENERATE_INFOPLIST_FILE = NO;
				INFOPLIST_FILE = Kontraktkontoret/Info.plist;
				IPHONEOS_DEPLOYMENT_TARGET = 15.0;
				LD_RUNPATH_SEARCH_PATHS = (
					"$(inherited)",
					"@executable_path/Frameworks",
				);
				MARKETING_VERSION = 1.0.2;
				PRODUCT_BUNDLE_IDENTIFIER = dk.hartdesigns.kontraktkontoret;
				PRODUCT_NAME = Kontraktkontoret;
				SDKROOT = iphoneos;
				TARGETED_DEVICE_FAMILY = 2;
			};
			name = Debug;
		};
		7DEA51EBED587D16598C7E75 /* Release */ = {
			isa = XCBuildConfiguration;
			buildSettings = {
				ALWAYS_SEARCH_USER_PATHS = NO;
				CLANG_ANALYZER_NONNULL = YES;
				CLANG_ANALYZER_NUMBER_OBJECT_CONVERSION = YES_AGGRESSIVE;
				CLANG_CXX_LANGUAGE_STANDARD = "gnu++14";
				CLANG_CXX_LIBRARY = "libc++";
				CLANG_ENABLE_MODULES = YES;
				CLANG_ENABLE_OBJC_ARC = YES;
				CLANG_ENABLE_OBJC_WEAK = YES;
				CLANG_WARN_BLOCK_CAPTURE_AUTORELEASING = YES;
				CLANG_WARN_BOOL_CONVERSION = YES;
				CLANG_WARN_COMMA = YES;
				CLANG_WARN_CONSTANT_CONVERSION = YES;
				CLANG_WARN_DEPRECATED_OBJC_IMPLEMENTATIONS = YES;
				CLANG_WARN_DIRECT_OBJC_ISA_USAGE = YES_ERROR;
				CLANG_WARN_DOCUMENTATION_COMMENTS = YES;
				CLANG_WARN_EMPTY_BODY = YES;
				CLANG_WARN_ENUM_CONVERSION = YES;
				CLANG_WARN_INFINITE_RECURSION = YES;
				CLANG_WARN_INT_CONVERSION = YES;
				CLANG_WARN_NON_LITERAL_NULL_CONVERSION = YES;
				CLANG_WARN_OBJC_IMPLICIT_RETAIN_SELF = YES;
				CLANG_WARN_OBJC_LITERAL_CONVERSION = YES;
				CLANG_WARN_OBJC_ROOT_CLASS = YES_ERROR;
				CLANG_WARN_QUOTED_INCLUDE_IN_FRAMEWORK_HEADER = YES;
				CLANG_WARN_RANGE_LOOP_ANALYSIS = YES;
				CLANG_WARN_STRICT_PROTOTYPES = YES;
				CLANG_WARN_SUSPICIOUS_MOVE = YES;
				CLANG_WARN_UNGUARDED_AVAILABILITY = YES_AGGRESSIVE;
				CLANG_WARN_UNREACHABLE_CODE = YES;
				CLANG_WARN__DUPLICATE_METHOD_MATCH = YES;
				COPY_PHASE_STRIP = NO;
				CURRENT_PROJECT_VERSION = 1;
				DEBUG_INFORMATION_FORMAT = "dwarf-with-dsym";
				ENABLE_NS_ASSERTIONS = NO;
				ENABLE_STRICT_OBJC_MSGSEND = YES;
				GCC_C_LANGUAGE_STANDARD = gnu11;
				GCC_NO_COMMON_BLOCKS = YES;
				GCC_WARN_64_TO_32_BIT_CONVERSION = YES;
				GCC_WARN_ABOUT_RETURN_TYPE = YES_ERROR;
				GCC_WARN_UNDECLARED_SELECTOR = YES;
				GCC_WARN_UNINITIALIZED_AUTOS = YES_AGGRESSIVE;
				GCC_WARN_UNUSED_FUNCTION = YES;
				GCC_WARN_UNUSED_VARIABLE = YES;
				IPHONEOS_DEPLOYMENT_TARGET = 15.0;
				MARKETING_VERSION = 1.0.0;
				MTL_ENABLE_DEBUG_INFO = NO;
				MTL_FAST_MATH = YES;
				PRODUCT_NAME = "$(TARGET_NAME)";
				SDKROOT = iphoneos;
				SWIFT_COMPILATION_MODE = wholemodule;
				SWIFT_OPTIMIZATION_LEVEL = "-O";
				SWIFT_VERSION = 5.0;
			};
			name = Release;
		};
		942D7FFB39762145AAB81A85 /* Debug */ = {
			isa = XCBuildConfiguration;
			buildSettings = {
				ALWAYS_SEARCH_USER_PATHS = NO;
				CLANG_ANALYZER_NONNULL = YES;
				CLANG_ANALYZER_NUMBER_OBJECT_CONVERSION = YES_AGGRESSIVE;
				CLANG_CXX_LANGUAGE_STANDARD = "gnu++14";
				CLANG_CXX_LIBRARY = "libc++";
				CLANG_ENABLE_MODULES = YES;
				CLANG_ENABLE_OBJC_ARC = YES;
				CLANG_ENABLE_OBJC_WEAK = YES;
				CLANG_WARN_BLOCK_CAPTURE_AUTORELEASING = YES;
				CLANG_WARN_BOOL_CONVERSION = YES;
				CLANG_WARN_COMMA = YES;
				CLANG_WARN_CONSTANT_CONVERSION = YES;
				CLANG_WARN_DEPRECATED_OBJC_IMPLEMENTATIONS = YES;
				CLANG_WARN_DIRECT_OBJC_ISA_USAGE = YES_ERROR;
				CLANG_WARN_DOCUMENTATION_COMMENTS = YES;
				CLANG_WARN_EMPTY_BODY = YES;
				CLANG_WARN_ENUM_CONVERSION = YES;
				CLANG_WARN_INFINITE_RECURSION = YES;
				CLANG_WARN_INT_CONVERSION = YES;
				CLANG_WARN_NON_LITERAL_NULL_CONVERSION = YES;
				CLANG_WARN_OBJC_IMPLICIT_RETAIN_SELF = YES;
				CLANG_WARN_OBJC_LITERAL_CONVERSION = YES;
				CLANG_WARN_OBJC_ROOT_CLASS = YES_ERROR;
				CLANG_WARN_QUOTED_INCLUDE_IN_FRAMEWORK_HEADER = YES;
				CLANG_WARN_RANGE_LOOP_ANALYSIS = YES;
				CLANG_WARN_STRICT_PROTOTYPES = YES;
				CLANG_WARN_SUSPICIOUS_MOVE = YES;
				CLANG_WARN_UNGUARDED_AVAILABILITY = YES_AGGRESSIVE;
				CLANG_WARN_UNREACHABLE_CODE = YES;
				CLANG_WARN__DUPLICATE_METHOD_MATCH = YES;
				COPY_PHASE_STRIP = NO;
				CURRENT_PROJECT_VERSION = 1;
				DEBUG_INFORMATION_FORMAT = dwarf;
				ENABLE_STRICT_OBJC_MSGSEND = YES;
				ENABLE_TESTABILITY = YES;
				GCC_C_LANGUAGE_STANDARD = gnu11;
				GCC_DYNAMIC_NO_PIC = NO;
				GCC_NO_COMMON_BLOCKS = YES;
				GCC_OPTIMIZATION_LEVEL = 0;
				GCC_PREPROCESSOR_DEFINITIONS = (
					"$(inherited)",
					"DEBUG=1",
				);
				GCC_WARN_64_TO_32_BIT_CONVERSION = YES;
				GCC_WARN_ABOUT_RETURN_TYPE = YES_ERROR;
				GCC_WARN_UNDECLARED_SELECTOR = YES;
				GCC_WARN_UNINITIALIZED_AUTOS = YES_AGGRESSIVE;
				GCC_WARN_UNUSED_FUNCTION = YES;
				GCC_WARN_UNUSED_VARIABLE = YES;
				IPHONEOS_DEPLOYMENT_TARGET = 15.0;
				MARKETING_VERSION = 1.0.0;
				MTL_ENABLE_DEBUG_INFO = INCLUDE_SOURCE;
				MTL_FAST_MATH = YES;
				ONLY_ACTIVE_ARCH = YES;
				PRODUCT_NAME = "$(TARGET_NAME)";
				SDKROOT = iphoneos;
				SWIFT_ACTIVE_COMPILATION_CONDITIONS = DEBUG;
				SWIFT_OPTIMIZATION_LEVEL = "-Onone";
				SWIFT_VERSION = 5.0;
			};
			name = Debug;
		};
		B57685CA28B70EB5D8DB6E26 /* Release */ = {
			isa = XCBuildConfiguration;
			buildSettings = {
				ASSETCATALOG_COMPILER_APPICON_NAME = AppIcon;
				CODE_SIGN_IDENTITY = "iPhone Developer";
				CODE_SIGN_STYLE = automatic;
				DEVELOPMENT_TEAM = 4DS8Y8T6JC;
				GENERATE_INFOPLIST_FILE = NO;
				INFOPLIST_FILE = Kontraktkontoret/Info.plist;
				IPHONEOS_DEPLOYMENT_TARGET = 15.0;
				LD_RUNPATH_SEARCH_PATHS = (
					"$(inherited)",
					"@executable_path/Frameworks",
				);
				MARKETING_VERSION = 1.0.2;
				PRODUCT_BUNDLE_IDENTIFIER = dk.hartdesigns.kontraktkontoret;
				PRODUCT_NAME = Kontraktkontoret;
				SDKROOT = iphoneos;
				TARGETED_DEVICE_FAMILY = 2;
			};
			name = Release;
		};
/* End XCBuildConfiguration section */

/* Begin XCConfigurationList section */
		CB7F37EFCB05946CADA212D8 /* Build configuration list for PBXNativeTarget "Kontraktkontoret" */ = {
			isa = XCConfigurationList;
			buildConfigurations = (
				5194F4204AE6B05792EDDF06 /* Debug */,
				B57685CA28B70EB5D8DB6E26 /* Release */,
			);
			defaultConfigurationIsVisible = 0;
			defaultConfigurationName = Debug;
		};
		CD2EF166539C1B2B73000CC9 /* Build configuration list for PBXProject "Kontraktkontoret" */ = {
			isa = XCConfigurationList;
			buildConfigurations = (
				942D7FFB39762145AAB81A85 /* Debug */,
				7DEA51EBED587D16598C7E75 /* Release */,
			);
			defaultConfigurationIsVisible = 0;
			defaultConfigurationName = Debug;
		};
/* End XCConfigurationList section */
	};
	rootObject = 186120142EE1D6BC9CC9A72E /* Project object */;
}
